
Microsoft Visual Studio Solution File, Format Version 12.00
# Visual Studio Version 17
VisualStudioVersion = 17.9.34723.18
MinimumVisualStudioVersion = 10.0.40219.1
Project("{FAE04EC0-301F-11D3-BF4B-00C04F79EFBC}") = "dominio", "Tp integrador\dominio.csproj", "{7D404C5F-0899-45FC-AE7C-DD141F3223D4}"
EndProject
Project("{FAE04EC0-301F-11D3-BF4B-00C04F79EFBC}") = "Acceso a Datos", "Acceso a Datos\Acceso a Datos.csproj", "{C33F4D7E-EE3D-4F92-AF62-246869288D09}"
EndProject
Project("{FAE04EC0-301F-11D3-BF4B-00C04F79EFBC}") = "frmArticulos", "FrmArticulos\frmArticulos.csproj", "{7506178D-EA66-40D7-9327-BEC2DEB49AA9}"
EndProject
Global
	GlobalSection(SolutionConfigurationPlatforms) = preSolution
		Debug|Any CPU = Debug|Any CPU
		Release|Any CPU = Release|Any CPU
	EndGlobalSection
	GlobalSection(ProjectConfigurationPlatforms) = postSolution
		{7D404C5F-0899-45FC-AE7C-DD141F3223D4}.Debug|Any CPU.ActiveCfg = Debug|Any CPU
		{7D404C5F-0899-45FC-AE7C-DD141F3223D4}.Debug|Any CPU.Build.0 = Debug|Any CPU
		{7D404C5F-0899-45FC-AE7C-DD141F3223D4}.Release|Any CPU.ActiveCfg = Release|Any CPU
		{7D404C5F-0899-45FC-AE7C-DD141F3223D4}.Release|Any CPU.Build.0 = Release|Any CPU
		{C33F4D7E-EE3D-4F92-AF62-246869288D09}.Debug|Any CPU.ActiveCfg = Debug|Any CPU
		{C33F4D7E-EE3D-4F92-AF62-246869288D09}.Debug|Any CPU.Build.0 = Debug|Any CPU
		{C33F4D7E-EE3D-4F92-AF62-246869288D09}.Release|Any CPU.ActiveCfg = Release|Any CPU
		{C33F4D7E-EE3D-4F92-AF62-246869288D09}.Release|Any CPU.Build.0 = Release|Any CPU
		{7506178D-EA66-40D7-9327-BEC2DEB49AA9}.Debug|Any CPU.ActiveCfg = Debug|Any CPU
		{7506178D-EA66-40D7-9327-BEC2DEB49AA9}.Debug|Any CPU.Build.0 = Debug|Any CPU
		{7506178D-EA66-40D7-9327-BEC2DEB49AA9}.Release|Any CPU.ActiveCfg = Release|Any CPU
		{7506178D-EA66-40D7-9327-BEC2DEB49AA9}.Release|Any CPU.Build.0 = Release|Any CPU
	EndGlobalSection
	GlobalSection(SolutionProperties) = preSolution
		HideSolutionNode = FALSE
	EndGlobalSection
	GlobalSection(ExtensibilityGlobals) = postSolution
		SolutionGuid = {5DA7DEA2-DBAA-4DFD-BB14-0998ADA98A22}
	EndGlobalSection
EndGlobal
